# THIS IS AN AUTOGENERATED FILE. DO NOT EDIT THIS FILE DIRECTLY.
# yarn lockfile v1


html5shiv@^3.7.3:
  version "3.7.3"
  resolved "https://registry.yarnpkg.com/html5shiv/-/html5shiv-3.7.3.tgz#d78a84a367bcb9a710100d57802c387b084631d2"
  integrity sha1-14qEo2e8uacQEA1XgCw4ewhGMdI=

install@^0.13.0:
  version "0.13.0"
  resolved "https://registry.yarnpkg.com/install/-/install-0.13.0.tgz#6af6e9da9dd0987de2ab420f78e60d9c17260776"
  integrity sha512-zDml/jzr2PKU9I8J/xyZBQn8rPCAY//UOYNmR01XwNwyfhEWObo2SWfSl1+0tm1u6PhxLwDnfsT/6jB7OUxqFA==

jquery@^3.5.0:
  version "3.5.0"
  resolved "https://registry.yarnpkg.com/jquery/-/jquery-3.5.0.tgz#9980b97d9e4194611c36530e7dc46a58d7340fc9"
  integrity sha512-Xb7SVYMvygPxbFMpTFQiHh1J7HClEaThguL15N/Gg37Lri/qKyhRGZYzHRyLH8Stq3Aow0LsHO2O2ci86fCrNQ==
